Microsoft Visual Studio Solution File, Format Version 12.00
# Visual Studio Version 16
VisualStudioVersion = 16.0.29020.237
MinimumVisualStudioVersion = 10.0.40219.1
Project("{9A19103F-16F7-4668-BE54-9A1E7A4F7556}") = "Htc.Vita.Core", "Htc.Vita.Core\Htc.Vita.Core.csproj", "{A4DDDFFE-4E1F-4C33-B8CC-A30738DC22F0}"
EndProject
Project("{9A19103F-16F7-4668-BE54-9A1E7A4F7556}") = "Htc.Vita.Core.Tests.AnyCPU", "Htc.Vita.Core.Tests\Htc.Vita.Core.Tests.AnyCPU.csproj", "{14692D50-B67A-49D3-A32C-59E9F4F4FDC6}"
EndProject
Project("{9A19103F-16F7-4668-BE54-9A1E7A4F7556}") = "Htc.Vita.Core.Tests.x86", "Htc.Vita.Core.Tests\Htc.Vita.Core.Tests.x86.csproj", "{F8B5E20D-127C-4D48-ABCE-DDA2B1BAA56A}"
EndProject
Project("{9A19103F-16F7-4668-BE54-9A1E7A4F7556}") = "Htc.Vita.Core.TestProgram.AnyCPU", "Htc.Vita.Core.TestProgram\Htc.Vita.Core.TestProgram.AnyCPU.csproj", "{1D7DEAFB-302C-4FC5-B587-38BF5195DDA0}"
EndProject
Project("{9A19103F-16F7-4668-BE54-9A1E7A4F7556}") = "Htc.Vita.Core.TestProgram.x86", "Htc.Vita.Core.TestProgram\Htc.Vita.Core.TestProgram.x86.csproj", "{42B6D3D6-8922-443C-881E-720290CF3519}"
EndProject
Project("{9A19103F-16F7-4668-BE54-9A1E7A4F7556}") = "Htc.Vita.Core.TestService.AnyCPU", "Htc.Vita.Core.TestService\Htc.Vita.Core.TestService.AnyCPU.csproj", "{8F1C820D-1099-4133-BC44-73A752DD298F}"
EndProject
Project("{9A19103F-16F7-4668-BE54-9A1E7A4F7556}") = "Htc.Vita.Core.TestService.x86", "Htc.Vita.Core.TestService\Htc.Vita.Core.TestService.x86.csproj", "{7F36BF80-1F06-4129-A322-E20ADCD9B1FE}"
EndProject
Global
	GlobalSection(SolutionConfigurationPlatforms) = preSolution
		Debug|AnyCPU = Debug|AnyCPU
		Debug|x86 = Debug|x86
		Release|AnyCPU = Release|AnyCPU
		Release|x86 = Release|x86
	EndGlobalSection
	GlobalSection(ProjectConfigurationPlatforms) = postSolution
		{A4DDDFFE-4E1F-4C33-B8CC-A30738DC22F0}.Debug|AnyCPU.ActiveCfg = Debug|Any CPU
		{A4DDDFFE-4E1F-4C33-B8CC-A30738DC22F0}.Debug|AnyCPU.Build.0 = Debug|Any CPU
		{A4DDDFFE-4E1F-4C33-B8CC-A30738DC22F0}.Debug|x86.ActiveCfg = Debug|Any CPU
		{A4DDDFFE-4E1F-4C33-B8CC-A30738DC22F0}.Debug|x86.Build.0 = Debug|Any CPU
		{A4DDDFFE-4E1F-4C33-B8CC-A30738DC22F0}.Release|AnyCPU.ActiveCfg = Release|Any CPU
		{A4DDDFFE-4E1F-4C33-B8CC-A30738DC22F0}.Release|AnyCPU.Build.0 = Release|Any CPU
		{A4DDDFFE-4E1F-4C33-B8CC-A30738DC22F0}.Release|x86.ActiveCfg = Release|Any CPU
		{A4DDDFFE-4E1F-4C33-B8CC-A30738DC22F0}.Release|x86.Build.0 = Release|Any CPU
		{14692D50-B67A-49D3-A32C-59E9F4F4FDC6}.Debug|AnyCPU.ActiveCfg = Debug|Any CPU
		{14692D50-B67A-49D3-A32C-59E9F4F4FDC6}.Debug|AnyCPU.Build.0 = Debug|Any CPU
		{14692D50-B67A-49D3-A32C-59E9F4F4FDC6}.Debug|x86.ActiveCfg = Debug|Any CPU
		{14692D50-B67A-49D3-A32C-59E9F4F4FDC6}.Debug|x86.Build.0 = Debug|Any CPU
		{14692D50-B67A-49D3-A32C-59E9F4F4FDC6}.Release|AnyCPU.ActiveCfg = Release|Any CPU
		{14692D50-B67A-49D3-A32C-59E9F4F4FDC6}.Release|AnyCPU.Build.0 = Release|Any CPU
		{14692D50-B67A-49D3-A32C-59E9F4F4FDC6}.Release|x86.ActiveCfg = Release|Any CPU
		{14692D50-B67A-49D3-A32C-59E9F4F4FDC6}.Release|x86.Build.0 = Release|Any CPU
		{F8B5E20D-127C-4D48-ABCE-DDA2B1BAA56A}.Debug|AnyCPU.ActiveCfg = Debug|Any CPU
		{F8B5E20D-127C-4D48-ABCE-DDA2B1BAA56A}.Debug|AnyCPU.Build.0 = Debug|Any CPU
		{F8B5E20D-127C-4D48-ABCE-DDA2B1BAA56A}.Debug|x86.ActiveCfg = Debug|Any CPU
		{F8B5E20D-127C-4D48-ABCE-DDA2B1BAA56A}.Debug|x86.Build.0 = Debug|Any CPU
		{F8B5E20D-127C-4D48-ABCE-DDA2B1BAA56A}.Release|AnyCPU.ActiveCfg = Release|Any CPU
		{F8B5E20D-127C-4D48-ABCE-DDA2B1BAA56A}.Release|AnyCPU.Build.0 = Release|Any CPU
		{F8B5E20D-127C-4D48-ABCE-DDA2B1BAA56A}.Release|x86.ActiveCfg = Release|Any CPU
		{F8B5E20D-127C-4D48-ABCE-DDA2B1BAA56A}.Release|x86.Build.0 = Release|Any CPU
		{1D7DEAFB-302C-4FC5-B587-38BF5195DDA0}.Debug|AnyCPU.ActiveCfg = Debug|Any CPU
		{1D7DEAFB-302C-4FC5-B587-38BF5195DDA0}.Debug|AnyCPU.Build.0 = Debug|Any CPU
		{1D7DEAFB-302C-4FC5-B587-38BF5195DDA0}.Debug|x86.ActiveCfg = Debug|Any CPU
		{1D7DEAFB-302C-4FC5-B587-38BF5195DDA0}.Debug|x86.Build.0 = Debug|Any CPU
		{1D7DEAFB-302C-4FC5-B587-38BF5195DDA0}.Release|AnyCPU.ActiveCfg = Release|Any CPU
		{1D7DEAFB-302C-4FC5-B587-38BF5195DDA0}.Release|AnyCPU.Build.0 = Release|Any CPU
		{1D7DEAFB-302C-4FC5-B587-38BF5195DDA0}.Release|x86.ActiveCfg = Release|Any CPU
		{1D7DEAFB-302C-4FC5-B587-38BF5195DDA0}.Release|x86.Build.0 = Release|Any CPU
		{42B6D3D6-8922-443C-881E-720290CF3519}.Debug|AnyCPU.ActiveCfg = Debug|Any CPU
		{42B6D3D6-8922-443C-881E-720290CF3519}.Debug|AnyCPU.Build.0 = Debug|Any CPU
		{42B6D3D6-8922-443C-881E-720290CF3519}.Debug|x86.ActiveCfg = Debug|Any CPU
		{42B6D3D6-8922-443C-881E-720290CF3519}.Debug|x86.Build.0 = Debug|Any CPU
		{42B6D3D6-8922-443C-881E-720290CF3519}.Release|AnyCPU.ActiveCfg = Release|Any CPU
		{42B6D3D6-8922-443C-881E-720290CF3519}.Release|AnyCPU.Build.0 = Release|Any CPU
		{42B6D3D6-8922-443C-881E-720290CF3519}.Release|x86.ActiveCfg = Release|Any CPU
		{42B6D3D6-8922-443C-881E-720290CF3519}.Release|x86.Build.0 = Release|Any CPU
		{8F1C820D-1099-4133-BC44-73A752DD298F}.Debug|AnyCPU.ActiveCfg = Debug|Any CPU
		{8F1C820D-1099-4133-BC44-73A752DD298F}.Debug|AnyCPU.Build.0 = Debug|Any CPU
		{8F1C820D-1099-4133-BC44-73A752DD298F}.Debug|x86.ActiveCfg = Debug|Any CPU
		{8F1C820D-1099-4133-BC44-73A752DD298F}.Debug|x86.Build.0 = Debug|Any CPU
		{8F1C820D-1099-4133-BC44-73A752DD298F}.Release|AnyCPU.ActiveCfg = Release|Any CPU
		{8F1C820D-1099-4133-BC44-73A752DD298F}.Release|AnyCPU.Build.0 = Release|Any CPU
		{8F1C820D-1099-4133-BC44-73A752DD298F}.Release|x86.ActiveCfg = Release|Any CPU
		{8F1C820D-1099-4133-BC44-73A752DD298F}.Release|x86.Build.0 = Release|Any CPU
		{7F36BF80-1F06-4129-A322-E20ADCD9B1FE}.Debug|AnyCPU.ActiveCfg = Debug|Any CPU
		{7F36BF80-1F06-4129-A322-E20ADCD9B1FE}.Debug|AnyCPU.Build.0 = Debug|Any CPU
		{7F36BF80-1F06-4129-A322-E20ADCD9B1FE}.Debug|x86.ActiveCfg = Debug|Any CPU
		{7F36BF80-1F06-4129-A322-E20ADCD9B1FE}.Debug|x86.Build.0 = Debug|Any CPU
		{7F36BF80-1F06-4129-A322-E20ADCD9B1FE}.Release|AnyCPU.ActiveCfg = Release|Any CPU
		{7F36BF80-1F06-4129-A322-E20ADCD9B1FE}.Release|AnyCPU.Build.0 = Release|Any CPU
		{7F36BF80-1F06-4129-A322-E20ADCD9B1FE}.Release|x86.ActiveCfg = Release|Any CPU
		{7F36BF80-1F06-4129-A322-E20ADCD9B1FE}.Release|x86.Build.0 = Release|Any CPU
	EndGlobalSection
	GlobalSection(SolutionProperties) = preSolution
		HideSolutionNode = FALSE
	EndGlobalSection
	GlobalSection(ExtensibilityGlobals) = postSolution
		SolutionGuid = {BC8DA137-5107-4972-A6F5-30A3C5A5C091}
	EndGlobalSection
EndGlobal
